
Microsoft Visual Studio Solution File, Format Version 12.00
# Visual Studio Version 17
VisualStudioVersion = 17.3.32825.248
MinimumVisualStudioVersion = 10.0.40219.1
Project("{8BC9CEB8-8B4A-11D0-8D11-00A0C91BC942}") = "consolestart", "consolestart\consolestart.vcxproj", "{B64FCD6E-C359-4E5F-BF1D-83663EF4C53E}"
EndProject
Global
	GlobalSection(SolutionConfigurationPlatforms) = preSolution
		Debug|x64 = Debug|x64
		Debug|x86 = Debug|x86
		Release|x64 = Release|x64
		Release|x86 = Release|x86
	EndGlobalSection
	GlobalSection(ProjectConfigurationPlatforms) = postSolution
		{B64FCD6E-C359-4E5F-BF1D-83663EF4C53E}.Debug|x64.ActiveCfg = Debug|x64
		{B64FCD6E-C359-4E5F-BF1D-83663EF4C53E}.Debug|x64.Build.0 = Debug|x64
		{B64FCD6E-C359-4E5F-BF1D-83663EF4C53E}.Debug|x86.ActiveCfg = Debug|Win32
		{B64FCD6E-C359-4E5F-BF1D-83663EF4C53E}.Debug|x86.Build.0 = Debug|Win32
		{B64FCD6E-C359-4E5F-BF1D-83663EF4C53E}.Release|x64.ActiveCfg = Release|x64
		{B64FCD6E-C359-4E5F-BF1D-83663EF4C53E}.Release|x64.Build.0 = Release|x64
		{B64FCD6E-C359-4E5F-BF1D-83663EF4C53E}.Release|x86.ActiveCfg = Release|Win32
		{B64FCD6E-C359-4E5F-BF1D-83663EF4C53E}.Release|x86.Build.0 = Release|Win32
	EndGlobalSection
	GlobalSection(SolutionProperties) = preSolution
		HideSolutionNode = FALSE
	EndGlobalSection
	GlobalSection(ExtensibilityGlobals) = postSolution
		SolutionGuid = {B5C531EF-4B30-4579-A798-E0484DD4DBF8}
	EndGlobalSection
EndGlobal
